{
  "version": 4,
  "terraform_version": "1.5.7",
  "serial": 70,
  "lineage": "77339d1a-ee77-7159-b435-04ebdec2699f",
  "outputs": {
    "ec2_public_ip": {
      "value": "54.161.129.193",
      "type": "string"
    },
    "ecr_repository_url": {
      "value": "288761738565.dkr.ecr.us-east-1.amazonaws.com/dev-ecr-repo",
      "type": "string"
    }
  },
  "resources": [
    {
      "mode": "managed",
      "type": "aws_ecr_repository",
      "name": "dev_ecr_repo",
      "provider": "provider[\"registry.terraform.io/hashicorp/aws\"]",
      "instances": [
        {
          "schema_version": 0,
          "attributes": {
            "arn": "arn:aws:ecr:us-east-1:288761738565:repository/dev-ecr-repo",
            "encryption_configuration": [
              {
                "encryption_type": "AES256",
                "kms_key": ""
              }
            ],
            "force_delete": true,
            "id": "dev-ecr-repo",
            "image_scanning_configuration": [
              {
                "scan_on_push": true
              }
            ],
            "image_tag_mutability": "MUTABLE",
            "name": "dev-ecr-repo",
            "registry_id": "288761738565",
            "repository_url": "288761738565.dkr.ecr.us-east-1.amazonaws.com/dev-ecr-repo",
            "tags": {
              "Name": "Dev ECR Repository"
            },
            "tags_all": {
              "Name": "Dev ECR Repository"
            },
            "timeouts": null
          },
          "sensitive_attributes": [],
          "private": "eyJlMmJmYjczMC1lY2FhLTExZTYtOGY4OC0zNDM2M2JjN2M0YzAiOnsiZGVsZXRlIjoxMjAwMDAwMDAwMDAwfX0="
        }
      ]
    },
    {
      "mode": "managed",
      "type": "aws_iam_instance_profile",
      "name": "ec2_instance_profile",
      "provider": "provider[\"registry.terraform.io/hashicorp/aws\"]",
      "instances": [
        {
          "schema_version": 0,
          "attributes": {
            "arn": "arn:aws:iam::288761738565:instance-profile/ec2_instance_profile",
            "create_date": "2025-02-09T09:33:39Z",
            "id": "ec2_instance_profile",
            "name": "ec2_instance_profile",
            "name_prefix": "",
            "path": "/",
            "role": "ec2_role",
            "tags": {},
            "tags_all": {},
            "unique_id": "AIPAUGO4KOVCSHRGKDC37"
          },
          "sensitive_attributes": [],
          "private": "bnVsbA==",
          "dependencies": [
            "aws_iam_role.ec2_role"
          ]
        }
      ]
    },
    {
      "mode": "managed",
      "type": "aws_iam_role",
      "name": "ec2_role",
      "provider": "provider[\"registry.terraform.io/hashicorp/aws\"]",
      "instances": [
        {
          "schema_version": 0,
          "attributes": {
            "arn": "arn:aws:iam::288761738565:role/ec2_role",
            "assume_role_policy": "{\"Statement\":[{\"Action\":\"sts:AssumeRole\",\"Effect\":\"Allow\",\"Principal\":{\"Service\":\"ec2.amazonaws.com\"}}],\"Version\":\"2012-10-17\"}",
            "create_date": "2025-02-09T09:33:38Z",
            "description": "",
            "force_detach_policies": false,
            "id": "ec2_role",
            "inline_policy": [
              {
                "name": "AWSVSCodeRemoteConnect",
                "policy": "{\"Version\":\"2012-10-17\",\"Statement\":[{\"Action\":[\"ssmmessages:CreateControlChannel\",\"ssmmessages:CreateDataChannel\",\"ssmmessages:OpenControlChannel\",\"ssmmessages:OpenDataChannel\",\"ssm:DescribeAssociation\",\"ssm:ListAssociations\",\"ssm:UpdateInstanceInformation\"],\"Effect\":\"Allow\",\"Resource\":\"*\"}]}"
              },
              {
                "name": "ec2_policy",
                "policy": "{\"Version\":\"2012-10-17\",\"Statement\":[{\"Action\":[\"ec2:Describe*\",\"ec2:AttachVolume\",\"ec2:DetachVolume\",\"ec2:StartInstances\",\"ec2:StopInstances\",\"ec2:TerminateInstances\"],\"Effect\":\"Allow\",\"Resource\":\"*\"}]}"
              }
            ],
            "managed_policy_arns": [],
            "max_session_duration": 3600,
            "name": "ec2_role",
            "name_prefix": "",
            "path": "/",
            "permissions_boundary": "",
            "tags": {
              "SessionManagerRunAs": "ubuntu"
            },
            "tags_all": {
              "SessionManagerRunAs": "ubuntu"
            },
            "unique_id": "AROAUGO4KOVCUFIAUBTNR"
          },
          "sensitive_attributes": [],
          "private": "bnVsbA=="
        }
      ]
    },
    {
      "mode": "managed",
      "type": "aws_iam_role_policy",
      "name": "AWSVSCodeRemoteConnect",
      "provider": "provider[\"registry.terraform.io/hashicorp/aws\"]",
      "instances": [
        {
          "schema_version": 0,
          "attributes": {
            "id": "ec2_role:AWSVSCodeRemoteConnect",
            "name": "AWSVSCodeRemoteConnect",
            "name_prefix": "",
            "policy": "{\"Version\":\"2012-10-17\",\"Statement\":[{\"Action\":[\"ssmmessages:CreateControlChannel\",\"ssmmessages:CreateDataChannel\",\"ssmmessages:OpenControlChannel\",\"ssmmessages:OpenDataChannel\",\"ssm:DescribeAssociation\",\"ssm:ListAssociations\",\"ssm:UpdateInstanceInformation\"],\"Effect\":\"Allow\",\"Resource\":\"*\"}]}",
            "role": "ec2_role"
          },
          "sensitive_attributes": [],
          "private": "bnVsbA==",
          "dependencies": [
            "aws_iam_role.ec2_role"
          ]
        }
      ]
    },
    {
      "mode": "managed",
      "type": "aws_iam_role_policy",
      "name": "ec2_policy",
      "provider": "provider[\"registry.terraform.io/hashicorp/aws\"]",
      "instances": [
        {
          "schema_version": 0,
          "attributes": {
            "id": "ec2_role:ec2_policy",
            "name": "ec2_policy",
            "name_prefix": "",
            "policy": "{\"Version\":\"2012-10-17\",\"Statement\":[{\"Action\":[\"ec2:Describe*\",\"ec2:AttachVolume\",\"ec2:DetachVolume\",\"ec2:StartInstances\",\"ec2:StopInstances\",\"ec2:TerminateInstances\"],\"Effect\":\"Allow\",\"Resource\":\"*\"}]}",
            "role": "ec2_role"
          },
          "sensitive_attributes": [],
          "private": "bnVsbA==",
          "dependencies": [
            "aws_iam_role.ec2_role"
          ]
        }
      ]
    },
    {
      "mode": "managed",
      "type": "aws_internet_gateway",
      "name": "igw",
      "provider": "provider[\"registry.terraform.io/hashicorp/aws\"]",
      "instances": [
        {
          "schema_version": 0,
          "attributes": {
            "arn": "arn:aws:ec2:us-east-1:288761738565:internet-gateway/igw-01ecfa6f73900bc10",
            "id": "igw-01ecfa6f73900bc10",
            "owner_id": "288761738565",
            "tags": {
              "Name": "Development IGW"
            },
            "tags_all": {
              "Name": "Development IGW"
            },
            "timeouts": null,
            "vpc_id": "vpc-045e98b5cbd00d950"
          },
          "sensitive_attributes": [],
          "private": "eyJlMmJmYjczMC1lY2FhLTExZTYtOGY4OC0zNDM2M2JjN2M0YzAiOnsiY3JlYXRlIjoxMjAwMDAwMDAwMDAwLCJkZWxldGUiOjEyMDAwMDAwMDAwMDAsInVwZGF0ZSI6MTIwMDAwMDAwMDAwMH19",
          "dependencies": [
            "aws_vpc.dev_vpc"
          ]
        }
      ]
    },
    {
      "mode": "managed",
      "type": "aws_route_table",
      "name": "public_rt",
      "provider": "provider[\"registry.terraform.io/hashicorp/aws\"]",
      "instances": [
        {
          "schema_version": 0,
          "attributes": {
            "arn": "arn:aws:ec2:us-east-1:288761738565:route-table/rtb-0c72dfbb24acedc84",
            "id": "rtb-0c72dfbb24acedc84",
            "owner_id": "288761738565",
            "propagating_vgws": [],
            "route": [
              {
                "carrier_gateway_id": "",
                "cidr_block": "0.0.0.0/0",
                "core_network_arn": "",
                "destination_prefix_list_id": "",
                "egress_only_gateway_id": "",
                "gateway_id": "igw-01ecfa6f73900bc10",
                "ipv6_cidr_block": "",
                "local_gateway_id": "",
                "nat_gateway_id": "",
                "network_interface_id": "",
                "transit_gateway_id": "",
                "vpc_endpoint_id": "",
                "vpc_peering_connection_id": ""
              }
            ],
            "tags": {
              "Name": "Public Route Table"
            },
            "tags_all": {
              "Name": "Public Route Table"
            },
            "timeouts": null,
            "vpc_id": "vpc-045e98b5cbd00d950"
          },
          "sensitive_attributes": [],
          "private": "eyJlMmJmYjczMC1lY2FhLTExZTYtOGY4OC0zNDM2M2JjN2M0YzAiOnsiY3JlYXRlIjozMDAwMDAwMDAwMDAsImRlbGV0ZSI6MzAwMDAwMDAwMDAwLCJ1cGRhdGUiOjEyMDAwMDAwMDAwMH19",
          "dependencies": [
            "aws_internet_gateway.igw",
            "aws_vpc.dev_vpc"
          ]
        }
      ]
    },
    {
      "mode": "managed",
      "type": "aws_route_table_association",
      "name": "public_rt_assoc",
      "provider": "provider[\"registry.terraform.io/hashicorp/aws\"]",
      "instances": [
        {
          "schema_version": 0,
          "attributes": {
            "gateway_id": "",
            "id": "rtbassoc-01216552b0ea2f1d4",
            "route_table_id": "rtb-0c72dfbb24acedc84",
            "subnet_id": "subnet-00b2875d60990b2cf",
            "timeouts": null
          },
          "sensitive_attributes": [],
          "private": "eyJlMmJmYjczMC1lY2FhLTExZTYtOGY4OC0zNDM2M2JjN2M0YzAiOnsiY3JlYXRlIjozMDAwMDAwMDAwMDAsImRlbGV0ZSI6MzAwMDAwMDAwMDAwLCJ1cGRhdGUiOjEyMDAwMDAwMDAwMH19",
          "dependencies": [
            "aws_internet_gateway.igw",
            "aws_route_table.public_rt",
            "aws_subnet.my_subnet",
            "aws_vpc.dev_vpc"
          ]
        }
      ]
    },
    {
      "mode": "managed",
      "type": "aws_security_group",
      "name": "default_sg",
      "provider": "provider[\"registry.terraform.io/hashicorp/aws\"]",
      "instances": [
        {
          "schema_version": 1,
          "attributes": {
            "arn": "arn:aws:ec2:us-east-1:288761738565:security-group/sg-0f7c2a31ea6b5e6b9",
            "description": "default ssh and http access from home",
            "egress": [
              {
                "cidr_blocks": [
                  "0.0.0.0/0"
                ],
                "description": "",
                "from_port": 0,
                "ipv6_cidr_blocks": [
                  "::/0"
                ],
                "prefix_list_ids": [],
                "protocol": "-1",
                "security_groups": [],
                "self": false,
                "to_port": 0
              }
            ],
            "id": "sg-0f7c2a31ea6b5e6b9",
            "ingress": [
              {
                "cidr_blocks": [
                  "122.172.0.0/16"
                ],
                "description": "",
                "from_port": 22,
                "ipv6_cidr_blocks": [],
                "prefix_list_ids": [],
                "protocol": "tcp",
                "security_groups": [],
                "self": false,
                "to_port": 22
              },
              {
                "cidr_blocks": [
                  "122.172.0.0/16"
                ],
                "description": "",
                "from_port": 443,
                "ipv6_cidr_blocks": [],
                "prefix_list_ids": [],
                "protocol": "tcp",
                "security_groups": [],
                "self": false,
                "to_port": 443
              },
              {
                "cidr_blocks": [
                  "122.172.0.0/16"
                ],
                "description": "",
                "from_port": 5000,
                "ipv6_cidr_blocks": [],
                "prefix_list_ids": [],
                "protocol": "tcp",
                "security_groups": [],
                "self": false,
                "to_port": 5000
              }
            ],
            "name": "default_sg",
            "name_prefix": "",
            "owner_id": "288761738565",
            "revoke_rules_on_delete": false,
            "tags": {
              "Name": "default_sg"
            },
            "tags_all": {
              "Name": "default_sg"
            },
            "timeouts": null,
            "vpc_id": "vpc-045e98b5cbd00d950"
          },
          "sensitive_attributes": [],
          "private": "eyJlMmJmYjczMC1lY2FhLTExZTYtOGY4OC0zNDM2M2JjN2M0YzAiOnsiY3JlYXRlIjo2MDAwMDAwMDAwMDAsImRlbGV0ZSI6OTAwMDAwMDAwMDAwfSwic2NoZW1hX3ZlcnNpb24iOiIxIn0=",
          "dependencies": [
            "aws_vpc.dev_vpc"
          ]
        }
      ]
    },
    {
      "mode": "managed",
      "type": "aws_subnet",
      "name": "my_subnet",
      "provider": "provider[\"registry.terraform.io/hashicorp/aws\"]",
      "instances": [
        {
          "schema_version": 1,
          "attributes": {
            "arn": "arn:aws:ec2:us-east-1:288761738565:subnet/subnet-00b2875d60990b2cf",
            "assign_ipv6_address_on_creation": false,
            "availability_zone": "us-east-1a",
            "availability_zone_id": "use1-az6",
            "cidr_block": "10.123.10.0/24",
            "customer_owned_ipv4_pool": "",
            "enable_dns64": false,
            "enable_lni_at_device_index": 0,
            "enable_resource_name_dns_a_record_on_launch": false,
            "enable_resource_name_dns_aaaa_record_on_launch": false,
            "id": "subnet-00b2875d60990b2cf",
            "ipv6_cidr_block": "",
            "ipv6_cidr_block_association_id": "",
            "ipv6_native": false,
            "map_customer_owned_ip_on_launch": false,
            "map_public_ip_on_launch": false,
            "outpost_arn": "",
            "owner_id": "288761738565",
            "private_dns_hostname_type_on_launch": "ip-name",
            "tags": {
              "Name": "tf-example"
            },
            "tags_all": {
              "Name": "tf-example"
            },
            "timeouts": null,
            "vpc_id": "vpc-045e98b5cbd00d950"
          },
          "sensitive_attributes": [],
          "private": "eyJlMmJmYjczMC1lY2FhLTExZTYtOGY4OC0zNDM2M2JjN2M0YzAiOnsiY3JlYXRlIjo2MDAwMDAwMDAwMDAsImRlbGV0ZSI6MTIwMDAwMDAwMDAwMH0sInNjaGVtYV92ZXJzaW9uIjoiMSJ9",
          "dependencies": [
            "aws_vpc.dev_vpc"
          ]
        }
      ]
    },
    {
      "mode": "managed",
      "type": "aws_vpc",
      "name": "dev_vpc",
      "provider": "provider[\"registry.terraform.io/hashicorp/aws\"]",
      "instances": [
        {
          "schema_version": 1,
          "attributes": {
            "arn": "arn:aws:ec2:us-east-1:288761738565:vpc/vpc-045e98b5cbd00d950",
            "assign_generated_ipv6_cidr_block": false,
            "cidr_block": "10.123.0.0/16",
            "default_network_acl_id": "acl-0dfe7c0d2c4eef7c0",
            "default_route_table_id": "rtb-092ed7ce64995771a",
            "default_security_group_id": "sg-008b28671801f50db",
            "dhcp_options_id": "dopt-0d7f1bc9d15511817",
            "enable_dns_hostnames": true,
            "enable_dns_support": true,
            "enable_network_address_usage_metrics": false,
            "id": "vpc-045e98b5cbd00d950",
            "instance_tenancy": "default",
            "ipv4_ipam_pool_id": null,
            "ipv4_netmask_length": null,
            "ipv6_association_id": "",
            "ipv6_cidr_block": "",
            "ipv6_cidr_block_network_border_group": "",
            "ipv6_ipam_pool_id": "",
            "ipv6_netmask_length": 0,
            "main_route_table_id": "rtb-092ed7ce64995771a",
            "owner_id": "288761738565",
            "tags": {
              "Name": "Development VPC"
            },
            "tags_all": {
              "Name": "Development VPC"
            }
          },
          "sensitive_attributes": [],
          "private": "eyJzY2hlbWFfdmVyc2lvbiI6IjEifQ=="
        }
      ]
    },
    {
      "mode": "managed",
      "type": "aws_vpc_security_group_egress_rule",
      "name": "allow_all_traffic_ipv4",
      "provider": "provider[\"registry.terraform.io/hashicorp/aws\"]",
      "instances": [
        {
          "schema_version": 0,
          "attributes": {
            "arn": "arn:aws:ec2:us-east-1:288761738565:security-group-rule/sgr-0b2ac3ada1283fa00",
            "cidr_ipv4": "0.0.0.0/0",
            "cidr_ipv6": null,
            "description": null,
            "from_port": null,
            "id": "sgr-0b2ac3ada1283fa00",
            "ip_protocol": "-1",
            "prefix_list_id": null,
            "referenced_security_group_id": null,
            "security_group_id": "sg-0f7c2a31ea6b5e6b9",
            "security_group_rule_id": "sgr-0b2ac3ada1283fa00",
            "tags": null,
            "tags_all": {},
            "to_port": null
          },
          "sensitive_attributes": [],
          "dependencies": [
            "aws_security_group.default_sg",
            "aws_vpc.dev_vpc"
          ]
        }
      ]
    },
    {
      "mode": "managed",
      "type": "aws_vpc_security_group_egress_rule",
      "name": "allow_all_traffic_ipv6",
      "provider": "provider[\"registry.terraform.io/hashicorp/aws\"]",
      "instances": [
        {
          "schema_version": 0,
          "attributes": {
            "arn": "arn:aws:ec2:us-east-1:288761738565:security-group-rule/sgr-0da0d51a1d7bcef25",
            "cidr_ipv4": null,
            "cidr_ipv6": "::/0",
            "description": null,
            "from_port": null,
            "id": "sgr-0da0d51a1d7bcef25",
            "ip_protocol": "-1",
            "prefix_list_id": null,
            "referenced_security_group_id": null,
            "security_group_id": "sg-0f7c2a31ea6b5e6b9",
            "security_group_rule_id": "sgr-0da0d51a1d7bcef25",
            "tags": null,
            "tags_all": {},
            "to_port": null
          },
          "sensitive_attributes": [],
          "dependencies": [
            "aws_security_group.default_sg",
            "aws_vpc.dev_vpc"
          ]
        }
      ]
    },
    {
      "mode": "managed",
      "type": "aws_vpc_security_group_ingress_rule",
      "name": "allow_http_5000_ipv4",
      "provider": "provider[\"registry.terraform.io/hashicorp/aws\"]",
      "instances": [
        {
          "schema_version": 0,
          "attributes": {
            "arn": "arn:aws:ec2:us-east-1:288761738565:security-group-rule/sgr-0693ced398876f25b",
            "cidr_ipv4": "122.172.0.0/16",
            "cidr_ipv6": null,
            "description": null,
            "from_port": 5000,
            "id": "sgr-0693ced398876f25b",
            "ip_protocol": "tcp",
            "prefix_list_id": null,
            "referenced_security_group_id": null,
            "security_group_id": "sg-0f7c2a31ea6b5e6b9",
            "security_group_rule_id": "sgr-0693ced398876f25b",
            "tags": null,
            "tags_all": {},
            "to_port": 5000
          },
          "sensitive_attributes": [],
          "dependencies": [
            "aws_security_group.default_sg",
            "aws_vpc.dev_vpc"
          ]
        }
      ]
    },
    {
      "mode": "managed",
      "type": "aws_vpc_security_group_ingress_rule",
      "name": "allow_ssh_ipv4",
      "provider": "provider[\"registry.terraform.io/hashicorp/aws\"]",
      "instances": [
        {
          "schema_version": 0,
          "attributes": {
            "arn": "arn:aws:ec2:us-east-1:288761738565:security-group-rule/sgr-0e06769d44ae72d91",
            "cidr_ipv4": "122.172.0.0/16",
            "cidr_ipv6": null,
            "description": null,
            "from_port": 22,
            "id": "sgr-0e06769d44ae72d91",
            "ip_protocol": "tcp",
            "prefix_list_id": null,
            "referenced_security_group_id": null,
            "security_group_id": "sg-0f7c2a31ea6b5e6b9",
            "security_group_rule_id": "sgr-0e06769d44ae72d91",
            "tags": null,
            "tags_all": {},
            "to_port": 22
          },
          "sensitive_attributes": [],
          "dependencies": [
            "aws_security_group.default_sg",
            "aws_vpc.dev_vpc"
          ]
        }
      ]
    },
    {
      "mode": "managed",
      "type": "aws_vpc_security_group_ingress_rule",
      "name": "allow_tls_ipv4",
      "provider": "provider[\"registry.terraform.io/hashicorp/aws\"]",
      "instances": [
        {
          "schema_version": 0,
          "attributes": {
            "arn": "arn:aws:ec2:us-east-1:288761738565:security-group-rule/sgr-07c68f17c8ae108e7",
            "cidr_ipv4": "122.172.0.0/16",
            "cidr_ipv6": null,
            "description": null,
            "from_port": 443,
            "id": "sgr-07c68f17c8ae108e7",
            "ip_protocol": "tcp",
            "prefix_list_id": null,
            "referenced_security_group_id": null,
            "security_group_id": "sg-0f7c2a31ea6b5e6b9",
            "security_group_rule_id": "sgr-07c68f17c8ae108e7",
            "tags": null,
            "tags_all": {},
            "to_port": 443
          },
          "sensitive_attributes": [],
          "dependencies": [
            "aws_security_group.default_sg",
            "aws_vpc.dev_vpc"
          ]
        }
      ]
    }
  ],
  "check_results": null
}
